<?xml version="1.0" encoding="utf-8"?>
<Project ToolsVersion="4.0" xmlns="http://schemas.microsoft.com/developer/msbuild/2003">
  <ItemGroup>
    <Filter Include="Source Files">
      <UniqueIdentifier>{4FC737F1-C7A5-4376-A066-2A32D752A2FF}</UniqueIdentifier>
      <Extensions>cpp;c;cc;cxx;def;odl;idl;hpj;bat;asm;asmx</Extensions>
    </Filter>
    <Filter Include="Header Files">
      <UniqueIdentifier>{93995380-89BD-4b04-88EB-625FBE52EBFB}</UniqueIdentifier>
      <Extensions>h;hh;hpp;hxx;hm;inl;inc;ipp;xsd</Extensions>
    </Filter>
    <Filter Include="Resource Files">
      <UniqueIdentifier>{67DA6AB6-F800-4c08-8B7A-83BB121AAD01}</UniqueIdentifier>
      <Extensions>rc;ico;cur;bmp;dlg;rc2;rct;bin;rgs;gif;jpg;jpeg;jpe;resx;tiff;tif;png;wav;mfcribbon-ms</Extensions>
    </Filter>
    <Filter Include="Shaders">
      <UniqueIdentifier>{b1bd579e-5ed3-44d0-9591-c105f01d5b9a}</UniqueIdentifier>
    </Filter>
  </ItemGroup>
  <ItemGroup>
    <ClCompile Include="main.cpp">
      <Filter>Source Files</Filter>
    </ClCompile>
    <ClCompile Include="MDL_Human.cpp">
      <Filter>Resource Files</Filter>
    </ClCompile>
    <ClCompile Include="Mesh.cpp">
      <Filter>Resource Files</Filter>
    </ClCompile>
    <ClCompile Include="Player.cpp">
      <Filter>Resource Files</Filter>
    </ClCompile>
    <ClCompile Include="PostProcessor.cpp">
      <Filter>Resource Files</Filter>
    </ClCompile>
    <ClCompile Include="Shader.cpp">
      <Filter>Resource Files</Filter>
    </ClCompile>
    <ClCompile Include="stb_image.cpp">
      <Filter>Resource Files</Filter>
    </ClCompile>
    <ClCompile Include="Text.cpp">
      <Filter>Resource Files</Filter>
    </ClCompile>
    <ClCompile Include="Texture.cpp">
      <Filter>Resource Files</Filter>
    </ClCompile>
    <ClCompile Include="Transform.cpp">
      <Filter>Resource Files</Filter>
    </ClCompile>
    <ClCompile Include="World.cpp">
      <Filter>Resource Files</Filter>
    </ClCompile>
    <ClCompile Include="BasicShader.cpp">
      <Filter>Resource Files</Filter>
    </ClCompile>
    <ClCompile Include="Block.cpp">
      <Filter>Resource Files</Filter>
    </ClCompile>
    <ClCompile Include="BlockFace.cpp">
      <Filter>Resource Files</Filter>
    </ClCompile>
    <ClCompile Include="Camera.cpp">
      <Filter>Resource Files</Filter>
    </ClCompile>
    <ClCompile Include="Chunk.cpp">
      <Filter>Resource Files</Filter>
    </ClCompile>
    <ClCompile Include="Display.cpp">
      <Filter>Resource Files</Filter>
    </ClCompile>
    <ClCompile Include="Entity.cpp">
      <Filter>Resource Files</Filter>
    </ClCompile>
    <ClCompile Include="Evt_Display.cpp">
      <Filter>Resource Files</Filter>
    </ClCompile>
    <ClCompile Include="Evt_Keyboard.cpp">
      <Filter>Resource Files</Filter>
    </ClCompile>
    <ClCompile Include="Evt_Mouse.cpp">
      <Filter>Resource Files</Filter>
    </ClCompile>
    <ClCompile Include="GameAssetLoader.cpp">
      <Filter>Resource Files</Filter>
    </ClCompile>
    <ClCompile Include="GameDisplay.cpp">
      <Filter>Resource Files</Filter>
    </ClCompile>
    <ClCompile Include="GBuffer.cpp">
      <Filter>Resource Files</Filter>
    </ClCompile>
    <ClCompile Include="Graphic.cpp">
      <Filter>Resource Files</Filter>
    </ClCompile>
    <ClCompile Include="Inventory.cpp">
      <Filter>Resource Files</Filter>
    </ClCompile>
    <ClCompile Include="Items.cpp">
      <Filter>Resource Files</Filter>
    </ClCompile>
    <ClCompile Include="ItemStack.cpp">
      <Filter>Resource Files</Filter>
    </ClCompile>
    <ClCompile Include="LightShader.cpp">
      <Filter>Resource Files</Filter>
    </ClCompile>
    <ClCompile Include="Material.cpp">
      <Filter>Resource Files</Filter>
    </ClCompile>
  </ItemGroup>
  <ItemGroup>
    <ClInclude Include="LightShader.h">
      <Filter>Header Files</Filter>
    </ClInclude>
    <ClInclude Include="Material.h">
      <Filter>Header Files</Filter>
    </ClInclude>
    <ClInclude Include="MDL_Human.h">
      <Filter>Header Files</Filter>
    </ClInclude>
    <ClInclude Include="Mesh.h">
      <Filter>Header Files</Filter>
    </ClInclude>
    <ClInclude Include="Player.h">
      <Filter>Header Files</Filter>
    </ClInclude>
    <ClInclude Include="PostProcessor.h">
      <Filter>Header Files</Filter>
    </ClInclude>
    <ClInclude Include="Shader.h">
      <Filter>Header Files</Filter>
    </ClInclude>
    <ClInclude Include="stb_image.h">
      <Filter>Header Files</Filter>
    </ClInclude>
    <ClInclude Include="Text.h">
      <Filter>Header Files</Filter>
    </ClInclude>
    <ClInclude Include="Texture.h">
      <Filter>Header Files</Filter>
    </ClInclude>
    <ClInclude Include="Transform.h">
      <Filter>Header Files</Filter>
    </ClInclude>
    <ClInclude Include="World.h">
      <Filter>Header Files</Filter>
    </ClInclude>
    <ClInclude Include="BasicShader.h">
      <Filter>Header Files</Filter>
    </ClInclude>
    <ClInclude Include="Block.h">
      <Filter>Header Files</Filter>
    </ClInclude>
    <ClInclude Include="BlockFace.h">
      <Filter>Header Files</Filter>
    </ClInclude>
    <ClInclude Include="BlockFaceDirection.h">
      <Filter>Header Files</Filter>
    </ClInclude>
    <ClInclude Include="Camera.h">
      <Filter>Header Files</Filter>
    </ClInclude>
    <ClInclude Include="Chunk.h">
      <Filter>Header Files</Filter>
    </ClInclude>
    <ClInclude Include="Display.h">
      <Filter>Header Files</Filter>
    </ClInclude>
    <ClInclude Include="Entities.h">
      <Filter>Header Files</Filter>
    </ClInclude>
    <ClInclude Include="Entity.h">
      <Filter>Header Files</Filter>
    </ClInclude>
    <ClInclude Include="Evt_Display.h">
      <Filter>Header Files</Filter>
    </ClInclude>
    <ClInclude Include="Evt_Keyboard.h">
      <Filter>Header Files</Filter>
    </ClInclude>
    <ClInclude Include="Evt_Mouse.h">
      <Filter>Header Files</Filter>
    </ClInclude>
    <ClInclude Include="GameAssetLoader.h">
      <Filter>Header Files</Filter>
    </ClInclude>
    <ClInclude Include="GameDisplay.h">
      <Filter>Header Files</Filter>
    </ClInclude>
    <ClInclude Include="GBuffer.h">
      <Filter>Header Files</Filter>
    </ClInclude>
    <ClInclude Include="Graphic.h">
      <Filter>Header Files</Filter>
    </ClInclude>
    <ClInclude Include="GUI_Components.h">
      <Filter>Header Files</Filter>
    </ClInclude>
    <ClInclude Include="Inventory.h">
      <Filter>Header Files</Filter>
    </ClInclude>
    <ClInclude Include="Items.h">
      <Filter>Header Files</Filter>
    </ClInclude>
    <ClInclude Include="ItemStack.h">
      <Filter>Header Files</Filter>
    </ClInclude>
    <ClInclude Include="Light.h">
      <Filter>Header Files</Filter>
    </ClInclude>
  </ItemGroup>
  <ItemGroup>
    <None Include="res\shaders\gBuffer.fs">
      <Filter>Shaders</Filter>
    </None>
    <None Include="res\shaders\gBuffer.vs">
      <Filter>Shaders</Filter>
    </None>
    <None Include="res\shaders\lightShader.fs">
      <Filter>Shaders</Filter>
    </None>
    <None Include="res\shaders\lightShader.vs">
      <Filter>Shaders</Filter>
    </None>
    <None Include="res\shaders\postShader.fs">
      <Filter>Shaders</Filter>
    </None>
    <None Include="res\shaders\postShader.vs">
      <Filter>Shaders</Filter>
    </None>
    <None Include="res\shaders\basicShader.fs">
      <Filter>Shaders</Filter>
    </None>
    <None Include="res\shaders\basicShader.vs">
      <Filter>Shaders</Filter>
    </None>
  </ItemGroup>
</Project>